
Microsoft Visual Studio Solution File, Format Version 12.00
# Visual Studio Version 17
VisualStudioVersion = 17.2.32616.157
MinimumVisualStudioVersion = 10.0.40219.1
Project("{FAE04EC0-301F-11D3-BF4B-00C04F79EFBC}") = "BulkyBookWeb", "BulkyBookWeb\BulkyBookWeb.csproj", "{78788127-EE94-42F8-816D-6BA393FBDFC9}"
EndProject
Global
	GlobalSection(SolutionConfigurationPlatforms) = preSolution
		Debug|Any CPU = Debug|Any CPU
		Release|Any CPU = Release|Any CPU
	EndGlobalSection
	GlobalSection(ProjectConfigurationPlatforms) = postSolution
		{78788127-EE94-42F8-816D-6BA393FBDFC9}.Debug|Any CPU.ActiveCfg = Debug|Any CPU
		{78788127-EE94-42F8-816D-6BA393FBDFC9}.Debug|Any CPU.Build.0 = Debug|Any CPU
		{78788127-EE94-42F8-816D-6BA393FBDFC9}.Release|Any CPU.ActiveCfg = Release|Any CPU
		{78788127-EE94-42F8-816D-6BA393FBDFC9}.Release|Any CPU.Build.0 = Release|Any CPU
	EndGlobalSection
	GlobalSection(SolutionProperties) = preSolution
		HideSolutionNode = FALSE
	EndGlobalSection
	GlobalSection(ExtensibilityGlobals) = postSolution
		SolutionGuid = {2D03AFDD-6BA8-4990-9318-F72A8651095F}
	EndGlobalSection
EndGlobal
